
Microsoft Visual Studio Solution File, Format Version 12.00
# Visual Studio Version 16
VisualStudioVersion = 16.0.30804.86
MinimumVisualStudioVersion = 10.0.40219.1
Project("{FAE04EC0-301F-11D3-BF4B-00C04F79EFBC}") = "Projeto_Max_Inf_Review", "Projeto_Max_Inf_Review\Projeto_Max_Inf_Review.csproj", "{EEFF5F9C-DCAA-4A00-94DE-25F5E1C060D5}"
EndProject
Global
	GlobalSection(SolutionConfigurationPlatforms) = preSolution
		Debug|Any CPU = Debug|Any CPU
		Release|Any CPU = Release|Any CPU
	EndGlobalSection
	GlobalSection(ProjectConfigurationPlatforms) = postSolution
		{EEFF5F9C-DCAA-4A00-94DE-25F5E1C060D5}.Debug|Any CPU.ActiveCfg = Debug|Any CPU
		{EEFF5F9C-DCAA-4A00-94DE-25F5E1C060D5}.Debug|Any CPU.Build.0 = Debug|Any CPU
		{EEFF5F9C-DCAA-4A00-94DE-25F5E1C060D5}.Release|Any CPU.ActiveCfg = Release|Any CPU
		{EEFF5F9C-DCAA-4A00-94DE-25F5E1C060D5}.Release|Any CPU.Build.0 = Release|Any CPU
	EndGlobalSection
	GlobalSection(SolutionProperties) = preSolution
		HideSolutionNode = FALSE
	EndGlobalSection
	GlobalSection(ExtensibilityGlobals) = postSolution
		SolutionGuid = {73B9DE43-4354-40EC-BFC7-F9556AA881BA}
	EndGlobalSection
EndGlobal
